PODS:
  - SDWebImage (5.8.4):
    - SDWebImage/Core (= 5.8.4)
  - SDWebImage/Core (5.8.4)
  - SDWebImageSwiftUI (1.5.0):
    - SDWebImage (~> 5.7)
  - Sourcery (1.0.0)
  - SwiftLint (0.40.0)

DEPENDENCIES:
  - SDWebImageSwiftUI
  - Sourcery
  - SwiftLint

SPEC REPOS:
  trunk:
    - SDWebImage
    - SDWebImageSwiftUI
    - Sourcery
    - SwiftLint

SPEC CHECKSUMS:
  SDWebImage: cf6922231e95550934da2ada0f20f2becf2ceba9
  SDWebImageSwiftUI: 43687ffe232ddd33fe0659498b7ca9884fdd6b35
  Sourcery: 928a146ea9b777fa64b0c6ce915c4128b4488cff
  SwiftLint: 4154893c73a4c52d6240195507eb7a3e3c64087e

PODFILE CHECKSUM: c70e7f1013fdd28dca2f8bd4ee6ee5db6b23ee7f

COCOAPODS: 1.9.1
