PODS:
  - OHHTTPStubs/Core (9.0.0)
  - OHHTTPStubs/Default (9.0.0):
    - OHHTTPStubs/Core
    - OHHTTPStubs/JSON
    - OHHTTPStubs/NSURLSession
    - OHHTTPStubs/OHPathHelpers
  - OHHTTPStubs/JSON (9.0.0):
    - OHHTTPStubs/Core
  - OHHTTPStubs/NSURLSession (9.0.0):
    - OHHTTPStubs/Core
  - OHHTTPStubs/OHPathHelpers (9.0.0)
  - OHHTTPStubs/Swift (9.0.0):
    - OHHTTPStubs/Default
  - SDWebImage (5.8.4):
    - SDWebImage/Core (= 5.8.4)
  - SDWebImage/Core (5.8.4)
  - SDWebImageSwiftUI (1.5.0):
    - SDWebImage (~> 5.7)
  - SwiftLint (0.40.0)

DEPENDENCIES:
  - OHHTTPStubs/Swift
  - SDWebImageSwiftUI
  - SwiftLint

SPEC REPOS:
  trunk:
    - OHHTTPStubs
    - SDWebImage
    - SDWebImageSwiftUI
    - SwiftLint

SPEC CHECKSUMS:
  OHHTTPStubs: cb29d2a9d09a828ecb93349a2b0c64f99e0db89f
  SDWebImage: cf6922231e95550934da2ada0f20f2becf2ceba9
  SDWebImageSwiftUI: 43687ffe232ddd33fe0659498b7ca9884fdd6b35
  SwiftLint: 4154893c73a4c52d6240195507eb7a3e3c64087e

PODFILE CHECKSUM: e273ad66dcaddb7af0eebb45db4e005927310389

COCOAPODS: 1.9.1
